// !$*UTF8*$!
{
	archiveVersion = 1;
	classes = {
	};
	objectVersion = 46;
	objects = {

/* Begin PBXBuildFile section */
		60080F491534842100C8D6AD /* CountdownViewController.m in Sources */ = {isa = PBXBuildFile; fileRef = 60080F481534842100C8D6AD /* CountdownViewController.m */; };
		601C19C916B9C5D700C1EB91 /* Social.framework in Frameworks */ = {isa = PBXBuildFile; fileRef = 601C19C816B9C5D700C1EB91 /* Social.framework */; };
		6024E5051576A273003E370D /* Countdowns.plist in Resources */ = {isa = PBXBuildFile; fileRef = 6024E5041576A273003E370D /* Countdowns.plist */; };
		604423BE15332C7E00032AB8 /* UIKit.framework in Frameworks */ = {isa = PBXBuildFile; fileRef = 604423BD15332C7E00032AB8 /* UIKit.framework */; };
		604423C015332C7E00032AB8 /* Foundation.framework in Frameworks */ = {isa = PBXBuildFile; fileRef = 604423BF15332C7E00032AB8 /* Foundation.framework */; };
		604423C215332C7E00032AB8 /* CoreGraphics.framework in Frameworks */ = {isa = PBXBuildFile; fileRef = 604423C115332C7E00032AB8 /* CoreGraphics.framework */; };
		604423C815332C7E00032AB8 /* InfoPlist.strings in Resources */ = {isa = PBXBuildFile; fileRef = 604423C615332C7E00032AB8 /* InfoPlist.strings */; };
		604423CA15332C7E00032AB8 /* main.m in Sources */ = {isa = PBXBuildFile; fileRef = 604423C915332C7E00032AB8 /* main.m */; };
		604423CE15332C7E00032AB8 /* TabbedCountdownAppDelegate.m in Sources */ = {isa = PBXBuildFile; fileRef = 604423CD15332C7E00032AB8 /* TabbedCountdownAppDelegate.m */; };
		604423D115332C7E00032AB8 /* MainStoryboard.storyboard in Resources */ = {isa = PBXBuildFile; fileRef = 604423CF15332C7E00032AB8 /* MainStoryboard.storyboard */; };
		604423DF1533323D00032AB8 /* CountdownTableViewController.m in Sources */ = {isa = PBXBuildFile; fileRef = 604423DE1533323D00032AB8 /* CountdownTableViewController.m */; };
		604423E21533329D00032AB8 /* Countdown.m in Sources */ = {isa = PBXBuildFile; fileRef = 604423E11533329D00032AB8 /* Countdown.m */; };
		604423F015335C6900032AB8 /* DatePickerViewController.m in Sources */ = {isa = PBXBuildFile; fileRef = 604423EF15335C6900032AB8 /* DatePickerViewController.m */; };
		60AACD62193EDA7E00143D7C /* StringFormatter.swift in Sources */ = {isa = PBXBuildFile; fileRef = 60AACD61193EDA7E00143D7C /* StringFormatter.swift */; };
		60BF06D01898018500A172AB /* EventKit.framework in Frameworks */ = {isa = PBXBuildFile; fileRef = 60BF06CF1898018500A172AB /* EventKit.framework */; };
		60D55FFD167BC98A00EB1119 /* TimePickerViewController.m in Sources */ = {isa = PBXBuildFile; fileRef = 60D55FFC167BC98A00EB1119 /* TimePickerViewController.m */; };
		60F4140819421B3F00AA9E34 /* AddCountdownViewController.swift in Sources */ = {isa = PBXBuildFile; fileRef = 60F4140719421B3F00AA9E34 /* AddCountdownViewController.swift */; };
		60FCE09816A09E7C009753C4 /* QuartzCore.framework in Frameworks */ = {isa = PBXBuildFile; fileRef = 60FCE09716A09E7C009753C4 /* QuartzCore.framework */; };
/* End PBXBuildFile section */

/* Begin PBXFileReference section */
		60080F471534842100C8D6AD /* CountdownViewController.h */ = {isa = PBXFileReference; fileEncoding = 4; lastKnownFileType = sourcecode.c.h; path = CountdownViewController.h; sourceTree = "<group>"; };
		60080F481534842100C8D6AD /* CountdownViewController.m */ = {isa = PBXFileReference; fileEncoding = 4; lastKnownFileType = sourcecode.c.objc; path = CountdownViewController.m; sourceTree = "<group>"; };
		601C19C816B9C5D700C1EB91 /* Social.framework */ = {isa = PBXFileReference; lastKnownFileType = wrapper.framework; name = Social.framework; path = System/Library/Frameworks/Social.framework; sourceTree = SDKROOT; };
		6024E5041576A273003E370D /* Countdowns.plist */ = {isa = PBXFileReference; fileEncoding = 4; lastKnownFileType = text.plist.xml; path = Countdowns.plist; sourceTree = "<group>"; };
		604423B915332C7E00032AB8 /* TabbedCountdown.app */ = {isa = PBXFileReference; explicitFileType = wrapper.application; includeInIndex = 0; path = TabbedCountdown.app; sourceTree = BUILT_PRODUCTS_DIR; };
		604423BD15332C7E00032AB8 /* UIKit.framework */ = {isa = PBXFileReference; lastKnownFileType = wrapper.framework; name = UIKit.framework; path = System/Library/Frameworks/UIKit.framework; sourceTree = SDKROOT; };
		604423BF15332C7E00032AB8 /* Foundation.framework */ = {isa = PBXFileReference; lastKnownFileType = wrapper.framework; name = Foundation.framework; path = System/Library/Frameworks/Foundation.framework; sourceTree = SDKROOT; };
		604423C115332C7E00032AB8 /* CoreGraphics.framework */ = {isa = PBXFileReference; lastKnownFileType = wrapper.framework; name = CoreGraphics.framework; path = System/Library/Frameworks/CoreGraphics.framework; sourceTree = SDKROOT; };
		604423C515332C7E00032AB8 /* TabbedCountdown-Info.plist */ = {isa = PBXFileReference; lastKnownFileType = text.plist.xml; path = "TabbedCountdown-Info.plist"; sourceTree = "<group>"; };
		604423C715332C7E00032AB8 /* en */ = {isa = PBXFileReference; lastKnownFileType = text.plist.strings; name = en; path = en.lproj/InfoPlist.strings; sourceTree = "<group>"; };
		604423C915332C7E00032AB8 /* main.m */ = {isa = PBXFileReference; lastKnownFileType = sourcecode.c.objc; path = main.m; sourceTree = "<group>"; };
		604423CB15332C7E00032AB8 /* TabbedCountdown-Prefix.pch */ = {isa = PBXFileReference; lastKnownFileType = sourcecode.c.h; path = "TabbedCountdown-Prefix.pch"; sourceTree = "<group>"; };
		604423CC15332C7E00032AB8 /* TabbedCountdownAppDelegate.h */ = {isa = PBXFileReference; lastKnownFileType = sourcecode.c.h; path = TabbedCountdownAppDelegate.h; sourceTree = "<group>"; };
		604423CD15332C7E00032AB8 /* TabbedCountdownAppDelegate.m */ = {isa = PBXFileReference; lastKnownFileType = sourcecode.c.objc; path = TabbedCountdownAppDelegate.m; sourceTree = "<group>"; };
		604423D015332C7E00032AB8 /* en */ = {isa = PBXFileReference; lastKnownFileType = file.storyboard; name = en; path = en.lproj/MainStoryboard.storyboard; sourceTree = "<group>"; };
		604423DD1533323D00032AB8 /* CountdownTableViewController.h */ = {isa = PBXFileReference; fileEncoding = 4; lastKnownFileType = sourcecode.c.h; name = CountdownTableViewController.h; path = ../CountdownTableViewController.h; sourceTree = "<group>"; };
		604423DE1533323D00032AB8 /* CountdownTableViewController.m */ = {isa = PBXFileReference; fileEncoding = 4; lastKnownFileType = sourcecode.c.objc; name = CountdownTableViewController.m; path = ../CountdownTableViewController.m; sourceTree = "<group>"; };
		604423E01533329D00032AB8 /* Countdown.h */ = {isa = PBXFileReference; fileEncoding = 4; lastKnownFileType = sourcecode.c.h; path = Countdown.h; sourceTree = "<group>"; };
		604423E11533329D00032AB8 /* Countdown.m */ = {isa = PBXFileReference; fileEncoding = 4; lastKnownFileType = sourcecode.c.objc; path = Countdown.m; sourceTree = "<group>"; };
		604423EE15335C6900032AB8 /* DatePickerViewController.h */ = {isa = PBXFileReference; fileEncoding = 4; lastKnownFileType = sourcecode.c.h; path = DatePickerViewController.h; sourceTree = "<group>"; };
		604423EF15335C6900032AB8 /* DatePickerViewController.m */ = {isa = PBXFileReference; fileEncoding = 4; lastKnownFileType = sourcecode.c.objc; path = DatePickerViewController.m; sourceTree = "<group>"; };
		60AACD60193EDA7D00143D7C /* TabbedCountdown-Bridging-Header.h */ = {isa = PBXFileReference; lastKnownFileType = sourcecode.c.h; path = "TabbedCountdown-Bridging-Header.h"; sourceTree = "<group>"; };
		60AACD61193EDA7E00143D7C /* StringFormatter.swift */ = {isa = PBXFileReference; fileEncoding = 4; lastKnownFileType = sourcecode.swift; name = StringFormatter.swift; path = ../StringFormatter.swift; sourceTree = "<group>"; };
		60BF06CF1898018500A172AB /* EventKit.framework */ = {isa = PBXFileReference; lastKnownFileType = wrapper.framework; name = EventKit.framework; path = System/Library/Frameworks/EventKit.framework; sourceTree = SDKROOT; };
		60D55FFB167BC98A00EB1119 /* TimePickerViewController.h */ = {isa = PBXFileReference; fileEncoding = 4; lastKnownFileType = sourcecode.c.h; path = TimePickerViewController.h; sourceTree = "<group>"; };
		60D55FFC167BC98A00EB1119 /* TimePickerViewController.m */ = {isa = PBXFileReference; fileEncoding = 4; lastKnownFileType = sourcecode.c.objc; path = TimePickerViewController.m; sourceTree = "<group>"; };
		60F4140719421B3F00AA9E34 /* AddCountdownViewController.swift */ = {isa = PBXFileReference; fileEncoding = 4; lastKnownFileType = sourcecode.swift; path = AddCountdownViewController.swift; sourceTree = "<group>"; };
		60FCE09716A09E7C009753C4 /* QuartzCore.framework */ = {isa = PBXFileReference; lastKnownFileType = wrapper.framework; name = QuartzCore.framework; path = System/Library/Frameworks/QuartzCore.framework; sourceTree = SDKROOT; };
/* End PBXFileReference section */

/* Begin PBXFrameworksBuildPhase section */
		604423B615332C7E00032AB8 /* Frameworks */ = {
			isa = PBXFrameworksBuildPhase;
			buildActionMask = 2147483647;
			files = (
				60BF06D01898018500A172AB /* EventKit.framework in Frameworks */,
				601C19C916B9C5D700C1EB91 /* Social.framework in Frameworks */,
				60FCE09816A09E7C009753C4 /* QuartzCore.framework in Frameworks */,
				604423BE15332C7E00032AB8 /* UIKit.framework in Frameworks */,
				604423C015332C7E00032AB8 /* Foundation.framework in Frameworks */,
				604423C215332C7E00032AB8 /* CoreGraphics.framework in Frameworks */,
			);
			runOnlyForDeploymentPostprocessing = 0;
		};
/* End PBXFrameworksBuildPhase section */

/* Begin PBXGroup section */
		604423AE15332C7E00032AB8 = {
			isa = PBXGroup;
			children = (
				604423C315332C7E00032AB8 /* TabbedCountdown */,
				604423BC15332C7E00032AB8 /* Frameworks */,
				604423BA15332C7E00032AB8 /* Products */,
				60AACD60193EDA7D00143D7C /* TabbedCountdown-Bridging-Header.h */,
			);
			sourceTree = "<group>";
		};
		604423BA15332C7E00032AB8 /* Products */ = {
			isa = PBXGroup;
			children = (
				604423B915332C7E00032AB8 /* TabbedCountdown.app */,
			);
			name = Products;
			sourceTree = "<group>";
		};
		604423BC15332C7E00032AB8 /* Frameworks */ = {
			isa = PBXGroup;
			children = (
				60BF06CF1898018500A172AB /* EventKit.framework */,
				601C19C816B9C5D700C1EB91 /* Social.framework */,
				60FCE09716A09E7C009753C4 /* QuartzCore.framework */,
				604423BD15332C7E00032AB8 /* UIKit.framework */,
				604423BF15332C7E00032AB8 /* Foundation.framework */,
				604423C115332C7E00032AB8 /* CoreGraphics.framework */,
			);
			name = Frameworks;
			sourceTree = "<group>";
		};
		604423C315332C7E00032AB8 /* TabbedCountdown */ = {
			isa = PBXGroup;
			children = (
				60F4B6BF1940D20500BFE723 /* Utilities */,
				60F4B6BE1940D1E700BFE723 /* Controllers */,
				60F4B6BD1940D1D500BFE723 /* Model */,
				60B3EEAA187B33AD006E7081 /* Storyboards */,
				604423CC15332C7E00032AB8 /* TabbedCountdownAppDelegate.h */,
				604423CD15332C7E00032AB8 /* TabbedCountdownAppDelegate.m */,
				604423C415332C7E00032AB8 /* Supporting Files */,
			);
			path = TabbedCountdown;
			sourceTree = "<group>";
		};
		604423C415332C7E00032AB8 /* Supporting Files */ = {
			isa = PBXGroup;
			children = (
				604423C515332C7E00032AB8 /* TabbedCountdown-Info.plist */,
				604423C615332C7E00032AB8 /* InfoPlist.strings */,
				604423C915332C7E00032AB8 /* main.m */,
				604423CB15332C7E00032AB8 /* TabbedCountdown-Prefix.pch */,
				6024E5041576A273003E370D /* Countdowns.plist */,
			);
			name = "Supporting Files";
			sourceTree = "<group>";
		};
		60B3EEAA187B33AD006E7081 /* Storyboards */ = {
			isa = PBXGroup;
			children = (
				604423CF15332C7E00032AB8 /* MainStoryboard.storyboard */,
			);
			name = Storyboards;
			sourceTree = "<group>";
		};
		60F4B6BD1940D1D500BFE723 /* Model */ = {
			isa = PBXGroup;
			children = (
				604423E01533329D00032AB8 /* Countdown.h */,
				604423E11533329D00032AB8 /* Countdown.m */,
			);
			name = Model;
			sourceTree = "<group>";
		};
		60F4B6BE1940D1E700BFE723 /* Controllers */ = {
			isa = PBXGroup;
			children = (
				60080F471534842100C8D6AD /* CountdownViewController.h */,
				60080F481534842100C8D6AD /* CountdownViewController.m */,
				604423DD1533323D00032AB8 /* CountdownTableViewController.h */,
				604423DE1533323D00032AB8 /* CountdownTableViewController.m */,
				60F4140719421B3F00AA9E34 /* AddCountdownViewController.swift */,
				604423EE15335C6900032AB8 /* DatePickerViewController.h */,
				604423EF15335C6900032AB8 /* DatePickerViewController.m */,
				60D55FFB167BC98A00EB1119 /* TimePickerViewController.h */,
				60D55FFC167BC98A00EB1119 /* TimePickerViewController.m */,
			);
			name = Controllers;
			sourceTree = "<group>";
		};
		60F4B6BF1940D20500BFE723 /* Utilities */ = {
			isa = PBXGroup;
			children = (
				60AACD61193EDA7E00143D7C /* StringFormatter.swift */,
			);
			name = Utilities;
			sourceTree = "<group>";
		};
/* End PBXGroup section */

/* Begin PBXNativeTarget section */
		604423B815332C7E00032AB8 /* TabbedCountdown */ = {
			isa = PBXNativeTarget;
			buildConfigurationList = 604423D715332C7E00032AB8 /* Build configuration list for PBXNativeTarget "TabbedCountdown" */;
			buildPhases = (
				604423B515332C7E00032AB8 /* Sources */,
				604423B615332C7E00032AB8 /* Frameworks */,
				604423B715332C7E00032AB8 /* Resources */,
			);
			buildRules = (
			);
			dependencies = (
			);
			name = TabbedCountdown;
			productName = TabbedCountdown;
			productReference = 604423B915332C7E00032AB8 /* TabbedCountdown.app */;
			productType = "com.apple.product-type.application";
		};
/* End PBXNativeTarget section */

/* Begin PBXProject section */
		604423B015332C7E00032AB8 /* Project object */ = {
			isa = PBXProject;
			attributes = {
				CLASSPREFIX = TabbedCountdown;
				LastUpgradeCheck = 0430;
			};
			buildConfigurationList = 604423B315332C7E00032AB8 /* Build configuration list for PBXProject "TabbedCountdown" */;
			compatibilityVersion = "Xcode 3.2";
			developmentRegion = English;
			hasScannedForEncodings = 0;
			knownRegions = (
				en,
			);
			mainGroup = 604423AE15332C7E00032AB8;
			productRefGroup = 604423BA15332C7E00032AB8 /* Products */;
			projectDirPath = "";
			projectRoot = "";
			targets = (
				604423B815332C7E00032AB8 /* TabbedCountdown */,
			);
		};
/* End PBXProject section */

/* Begin PBXResourcesBuildPhase section */
		604423B715332C7E00032AB8 /* Resources */ = {
			isa = PBXResourcesBuildPhase;
			buildActionMask = 2147483647;
			files = (
				604423C815332C7E00032AB8 /* InfoPlist.strings in Resources */,
				604423D115332C7E00032AB8 /* MainStoryboard.storyboard in Resources */,
				6024E5051576A273003E370D /* Countdowns.plist in Resources */,
			);
			runOnlyForDeploymentPostprocessing = 0;
		};
/* End PBXResourcesBuildPhase section */

/* Begin PBXSourcesBuildPhase section */
		604423B515332C7E00032AB8 /* Sources */ = {
			isa = PBXSourcesBuildPhase;
			buildActionMask = 2147483647;
			files = (
				604423CA15332C7E00032AB8 /* main.m in Sources */,
				60AACD62193EDA7E00143D7C /* StringFormatter.swift in Sources */,
				604423CE15332C7E00032AB8 /* TabbedCountdownAppDelegate.m in Sources */,
				604423DF1533323D00032AB8 /* CountdownTableViewController.m in Sources */,
				604423E21533329D00032AB8 /* Countdown.m in Sources */,
				604423F015335C6900032AB8 /* DatePickerViewController.m in Sources */,
				60080F491534842100C8D6AD /* CountdownViewController.m in Sources */,
				60F4140819421B3F00AA9E34 /* AddCountdownViewController.swift in Sources */,
				60D55FFD167BC98A00EB1119 /* TimePickerViewController.m in Sources */,
			);
			runOnlyForDeploymentPostprocessing = 0;
		};
/* End PBXSourcesBuildPhase section */

/* Begin PBXVariantGroup section */
		604423C615332C7E00032AB8 /* InfoPlist.strings */ = {
			isa = PBXVariantGroup;
			children = (
				604423C715332C7E00032AB8 /* en */,
			);
			name = InfoPlist.strings;
			sourceTree = "<group>";
		};
		604423CF15332C7E00032AB8 /* MainStoryboard.storyboard */ = {
			isa = PBXVariantGroup;
			children = (
				604423D015332C7E00032AB8 /* en */,
			);
			name = MainStoryboard.storyboard;
			sourceTree = "<group>";
		};
/* End PBXVariantGroup section */

/* Begin XCBuildConfiguration section */
		604423D515332C7E00032AB8 /* Debug */ = {
			isa = XCBuildConfiguration;
			buildSettings = {
				ALWAYS_SEARCH_USER_PATHS = NO;
				ARCHS = "$(ARCHS_STANDARD_32_BIT)";
				CLANG_ENABLE_OBJC_ARC = YES;
				"CODE_SIGN_IDENTITY[sdk=iphoneos*]" = "iPhone Developer";
				COPY_PHASE_STRIP = NO;
				GCC_C_LANGUAGE_STANDARD = gnu99;
				GCC_DYNAMIC_NO_PIC = NO;
				GCC_OPTIMIZATION_LEVEL = 0;
				GCC_PREPROCESSOR_DEFINITIONS = (
					"DEBUG=1",
					"$(inherited)",
				);
				GCC_SYMBOLS_PRIVATE_EXTERN = NO;
				GCC_VERSION = com.apple.compilers.llvm.clang.1_0;
				GCC_WARN_ABOUT_RETURN_TYPE = YES;
				GCC_WARN_UNINITIALIZED_AUTOS = YES;
				GCC_WARN_UNUSED_VARIABLE = YES;
				IPHONEOS_DEPLOYMENT_TARGET = 7.1;
				SDKROOT = iphoneos;
			};
			name = Debug;
		};
		604423D615332C7E00032AB8 /* Release */ = {
			isa = XCBuildConfiguration;
			buildSettings = {
				ALWAYS_SEARCH_USER_PATHS = NO;
				ARCHS = "$(ARCHS_STANDARD_32_BIT)";
				CLANG_ENABLE_OBJC_ARC = YES;
				"CODE_SIGN_IDENTITY[sdk=iphoneos*]" = "iPhone Developer";
				COPY_PHASE_STRIP = YES;
				GCC_C_LANGUAGE_STANDARD = gnu99;
				GCC_VERSION = com.apple.compilers.llvm.clang.1_0;
				GCC_WARN_ABOUT_RETURN_TYPE = YES;
				GCC_WARN_UNINITIALIZED_AUTOS = YES;
				GCC_WARN_UNUSED_VARIABLE = YES;
				IPHONEOS_DEPLOYMENT_TARGET = 7.1;
				OTHER_CFLAGS = "-DNS_BLOCK_ASSERTIONS=1";
				SDKROOT = iphoneos;
				VALIDATE_PRODUCT = YES;
			};
			name = Release;
		};
		604423D815332C7E00032AB8 /* Debug */ = {
			isa = XCBuildConfiguration;
			buildSettings = {
				CLANG_ENABLE_MODULES = YES;
				GCC_PRECOMPILE_PREFIX_HEADER = YES;
				GCC_PREFIX_HEADER = "TabbedCountdown/TabbedCountdown-Prefix.pch";
				INFOPLIST_FILE = "TabbedCountdown/TabbedCountdown-Info.plist";
				IPHONEOS_DEPLOYMENT_TARGET = 7.0;
				LD_RUNPATH_SEARCH_PATHS = "$(inherited) @executable_path/Frameworks";
				PRODUCT_NAME = "$(TARGET_NAME)";
				SWIFT_OBJC_BRIDGING_HEADER = "TabbedCountdown-Bridging-Header.h";
				SWIFT_OPTIMIZATION_LEVEL = "-Onone";
				TARGETED_DEVICE_FAMILY = "1,2";
				WRAPPER_EXTENSION = app;
			};
			name = Debug;
		};
		604423D915332C7E00032AB8 /* Release */ = {
			isa = XCBuildConfiguration;
			buildSettings = {
				CLANG_ENABLE_MODULES = YES;
				GCC_PRECOMPILE_PREFIX_HEADER = YES;
				GCC_PREFIX_HEADER = "TabbedCountdown/TabbedCountdown-Prefix.pch";
				INFOPLIST_FILE = "TabbedCountdown/TabbedCountdown-Info.plist";
				IPHONEOS_DEPLOYMENT_TARGET = 7.0;
				LD_RUNPATH_SEARCH_PATHS = "$(inherited) @executable_path/Frameworks";
				PRODUCT_NAME = "$(TARGET_NAME)";
				SWIFT_OBJC_BRIDGING_HEADER = "TabbedCountdown-Bridging-Header.h";
				TARGETED_DEVICE_FAMILY = "1,2";
				WRAPPER_EXTENSION = app;
			};
			name = Release;
		};
/* End XCBuildConfiguration section */

/* Begin XCConfigurationList section */
		604423B315332C7E00032AB8 /* Build configuration list for PBXProject "TabbedCountdown" */ = {
			isa = XCConfigurationList;
			buildConfigurations = (
				604423D515332C7E00032AB8 /* Debug */,
				604423D615332C7E00032AB8 /* Release */,
			);
			defaultConfigurationIsVisible = 0;
			defaultConfigurationName = Release;
		};
		604423D715332C7E00032AB8 /* Build configuration list for PBXNativeTarget "TabbedCountdown" */ = {
			isa = XCConfigurationList;
			buildConfigurations = (
				604423D815332C7E00032AB8 /* Debug */,
				604423D915332C7E00032AB8 /* Release */,
			);
			defaultConfigurationIsVisible = 0;
			defaultConfigurationName = Release;
		};
/* End XCConfigurationList section */
	};
	rootObject = 604423B015332C7E00032AB8 /* Project object */;
}
